// !$*UTF8*$!
{
	archiveVersion = 1;
	classes = {
	};
	objectVersion = 46;
	objects = {

/* Begin PBXBuildFile section */
		F848FBD71F2F859000F914BE /* AppDelegate.swift in Sources */ = {isa = PBXBuildFile; fileRef = F848FBD61F2F859000F914BE /* AppDelegate.swift */; };
		F848FBD91F2F859000F914BE /* ViewController.swift in Sources */ = {isa = PBXBuildFile; fileRef = F848FBD81F2F859000F914BE /* ViewController.swift */; };
		F848FBDC1F2F859000F914BE /* Main.storyboard in Resources */ = {isa = PBXBuildFile; fileRef = F848FBDA1F2F859000F914BE /* Main.storyboard */; };
		F848FBDE1F2F859000F914BE /* Assets.xcassets in Resources */ = {isa = PBXBuildFile; fileRef = F848FBDD1F2F859000F914BE /* Assets.xcassets */; };
		F848FBE11F2F859000F914BE /* LaunchScreen.storyboard in Resources */ = {isa = PBXBuildFile; fileRef = F848FBDF1F2F859000F914BE /* LaunchScreen.storyboard */; };
		F848FBE91F2F873500F914BE /* Recipe.swift in Sources */ = {isa = PBXBuildFile; fileRef = F848FBE81F2F873500F914BE /* Recipe.swift */; };
		F89317691F30E4A60088DAB3 /* RecipeCell.swift in Sources */ = {isa = PBXBuildFile; fileRef = F89317681F30E4A60088DAB3 /* RecipeCell.swift */; };
/* End PBXBuildFile section */

/* Begin PBXFileReference section */
		F848FBD31F2F859000F914BE /* MisRecetas.app */ = {isa = PBXFileReference; explicitFileType = wrapper.application; includeInIndex = 0; path = MisRecetas.app; sourceTree = BUILT_PRODUCTS_DIR; };
		F848FBD61F2F859000F914BE /* AppDelegate.swift */ = {isa = PBXFileReference; lastKnownFileType = sourcecode.swift; path = AppDelegate.swift; sourceTree = "<group>"; };
		F848FBD81F2F859000F914BE /* ViewController.swift */ = {isa = PBXFileReference; lastKnownFileType = sourcecode.swift; path = ViewController.swift; sourceTree = "<group>"; };
		F848FBDB1F2F859000F914BE /* Base */ = {isa = PBXFileReference; lastKnownFileType = file.storyboard; name = Base; path = Base.lproj/Main.storyboard; sourceTree = "<group>"; };
		F848FBDD1F2F859000F914BE /* Assets.xcassets */ = {isa = PBXFileReference; lastKnownFileType = folder.assetcatalog; path = Assets.xcassets; sourceTree = "<group>"; };
		F848FBE01F2F859000F914BE /* Base */ = {isa = PBXFileReference; lastKnownFileType = file.storyboard; name = Base; path = Base.lproj/LaunchScreen.storyboard; sourceTree = "<group>"; };
		F848FBE21F2F859000F914BE /* Info.plist */ = {isa = PBXFileReference; lastKnownFileType = text.plist.xml; path = Info.plist; sourceTree = "<group>"; };
		F848FBE81F2F873500F914BE /* Recipe.swift */ = {isa = PBXFileReference; fileEncoding = 4; lastKnownFileType = sourcecode.swift; path = Recipe.swift; sourceTree = "<group>"; };
		F89317681F30E4A60088DAB3 /* RecipeCell.swift */ = {isa = PBXFileReference; fileEncoding = 4; lastKnownFileType = sourcecode.swift; path = RecipeCell.swift; sourceTree = "<group>"; };
/* End PBXFileReference section */

/* Begin PBXFrameworksBuildPhase section */
		F848FBD01F2F859000F914BE /* Frameworks */ = {
			isa = PBXFrameworksBuildPhase;
			buildActionMask = 2147483647;
			files = (
			);
			runOnlyForDeploymentPostprocessing = 0;
		};
/* End PBXFrameworksBuildPhase section */

/* Begin PBXGroup section */
		F848FBCA1F2F859000F914BE = {
			isa = PBXGroup;
			children = (
				F848FBD51F2F859000F914BE /* MisRecetas */,
				F848FBD41F2F859000F914BE /* Products */,
			);
			sourceTree = "<group>";
		};
		F848FBD41F2F859000F914BE /* Products */ = {
			isa = PBXGroup;
			children = (
				F848FBD31F2F859000F914BE /* MisRecetas.app */,
			);
			name = Products;
			sourceTree = "<group>";
		};
		F848FBD51F2F859000F914BE /* MisRecetas */ = {
			isa = PBXGroup;
			children = (
				F848FBD61F2F859000F914BE /* AppDelegate.swift */,
				F848FBD81F2F859000F914BE /* ViewController.swift */,
				F848FBDA1F2F859000F914BE /* Main.storyboard */,
				F848FBDD1F2F859000F914BE /* Assets.xcassets */,
				F848FBDF1F2F859000F914BE /* LaunchScreen.storyboard */,
				F848FBE21F2F859000F914BE /* Info.plist */,
				F848FBE81F2F873500F914BE /* Recipe.swift */,
				F89317681F30E4A60088DAB3 /* RecipeCell.swift */,
			);
			path = MisRecetas;
			sourceTree = "<group>";
		};
/* End PBXGroup section */

/* Begin PBXNativeTarget section */
		F848FBD21F2F859000F914BE /* MisRecetas */ = {
			isa = PBXNativeTarget;
			buildConfigurationList = F848FBE51F2F859000F914BE /* Build configuration list for PBXNativeTarget "MisRecetas" */;
			buildPhases = (
				F848FBCF1F2F859000F914BE /* Sources */,
				F848FBD01F2F859000F914BE /* Frameworks */,
				F848FBD11F2F859000F914BE /* Resources */,
			);
			buildRules = (
			);
			dependencies = (
			);
			name = MisRecetas;
			productName = MisRecetas;
			productReference = F848FBD31F2F859000F914BE /* MisRecetas.app */;
			productType = "com.apple.product-type.application";
		};
/* End PBXNativeTarget section */

/* Begin PBXProject section */
		F848FBCB1F2F859000F914BE /* Project object */ = {
			isa = PBXProject;
			attributes = {
				LastSwiftUpdateCheck = 0830;
				LastUpgradeCheck = 0830;
				ORGANIZATIONNAME = "Fernando Vega Giganto";
				TargetAttributes = {
					F848FBD21F2F859000F914BE = {
						CreatedOnToolsVersion = 8.3.3;
						DevelopmentTeam = 5MPC35WK7F;
						ProvisioningStyle = Automatic;
					};
				};
			};
			buildConfigurationList = F848FBCE1F2F859000F914BE /* Build configuration list for PBXProject "MisRecetas" */;
			compatibilityVersion = "Xcode 3.2";
			developmentRegion = English;
			hasScannedForEncodings = 0;
			knownRegions = (
				en,
				Base,
			);
			mainGroup = F848FBCA1F2F859000F914BE;
			productRefGroup = F848FBD41F2F859000F914BE /* Products */;
			projectDirPath = "";
			projectRoot = "";
			targets = (
				F848FBD21F2F859000F914BE /* MisRecetas */,
			);
		};
/* End PBXProject section */

/* Begin PBXResourcesBuildPhase section */
		F848FBD11F2F859000F914BE /* Resources */ = {
			isa = PBXResourcesBuildPhase;
			buildActionMask = 2147483647;
			files = (
				F848FBE11F2F859000F914BE /* LaunchScreen.storyboard in Resources */,
				F848FBDE1F2F859000F914BE /* Assets.xcassets in Resources */,
				F848FBDC1F2F859000F914BE /* Main.storyboard in Resources */,
			);
			runOnlyForDeploymentPostprocessing = 0;
		};
/* End PBXResourcesBuildPhase section */

/* Begin PBXSourcesBuildPhase section */
		F848FBCF1F2F859000F914BE /* Sources */ = {
			isa = PBXSourcesBuildPhase;
			buildActionMask = 2147483647;
			files = (
				F848FBE91F2F873500F914BE /* Recipe.swift in Sources */,
				F848FBD91F2F859000F914BE /* ViewController.swift in Sources */,
				F848FBD71F2F859000F914BE /* AppDelegate.swift in Sources */,
				F89317691F30E4A60088DAB3 /* RecipeCell.swift in Sources */,
			);
			runOnlyForDeploymentPostprocessing = 0;
		};
/* End PBXSourcesBuildPhase section */

/* Begin PBXVariantGroup section */
		F848FBDA1F2F859000F914BE /* Main.storyboard */ = {
			isa = PBXVariantGroup;
			children = (
				F848FBDB1F2F859000F914BE /* Base */,
			);
			name = Main.storyboard;
			sourceTree = "<group>";
		};
		F848FBDF1F2F859000F914BE /* LaunchScreen.storyboard */ = {
			isa = PBXVariantGroup;
			children = (
				F848FBE01F2F859000F914BE /* Base */,
			);
			name = LaunchScreen.storyboard;
			sourceTree = "<group>";
		};
/* End PBXVariantGroup section */

/* Begin XCBuildConfiguration section */
		F848FBE31F2F859000F914BE /* Debug */ = {
			isa = XCBuildConfiguration;
			buildSettings = {
				ALWAYS_SEARCH_USER_PATHS = NO;
				CLANG_ANALYZER_NONNULL = YES;
				CLANG_ANALYZER_NUMBER_OBJECT_CONVERSION = YES_AGGRESSIVE;
				CLANG_CXX_LANGUAGE_STANDARD = "gnu++0x";
				CLANG_CXX_LIBRARY = "libc++";
				CLANG_ENABLE_MODULES = YES;
				CLANG_ENABLE_OBJC_ARC = YES;
				CLANG_WARN_BOOL_CONVERSION = YES;
				CLANG_WARN_CONSTANT_CONVERSION = YES;
				CLANG_WARN_DIRECT_OBJC_ISA_USAGE = YES_ERROR;
				CLANG_WARN_DOCUMENTATION_COMMENTS = YES;
				CLANG_WARN_EMPTY_BODY = YES;
				CLANG_WARN_ENUM_CONVERSION = YES;
				CLANG_WARN_INFINITE_RECURSION = YES;
				CLANG_WARN_INT_CONVERSION = YES;
				CLANG_WARN_OBJC_ROOT_CLASS = YES_ERROR;
				CLANG_WARN_SUSPICIOUS_MOVE = YES;
				CLANG_WARN_UNREACHABLE_CODE = YES;
				CLANG_WARN__DUPLICATE_METHOD_MATCH = YES;
				"CODE_SIGN_IDENTITY[sdk=iphoneos*]" = "iPhone Developer";
				COPY_PHASE_STRIP = NO;
				DEBUG_INFORMATION_FORMAT = dwarf;
				ENABLE_STRICT_OBJC_MSGSEND = YES;
				ENABLE_TESTABILITY = YES;
				GCC_C_LANGUAGE_STANDARD = gnu99;
				GCC_DYNAMIC_NO_PIC = NO;
				GCC_NO_COMMON_BLOCKS = YES;
				GCC_OPTIMIZATION_LEVEL = 0;
				GCC_PREPROCESSOR_DEFINITIONS = (
					"DEBUG=1",
					"$(inherited)",
				);
				GCC_WARN_64_TO_32_BIT_CONVERSION = YES;
				GCC_WARN_ABOUT_RETURN_TYPE = YES_ERROR;
				GCC_WARN_UNDECLARED_SELECTOR = YES;
				GCC_WARN_UNINITIALIZED_AUTOS = YES_AGGRESSIVE;
				GCC_WARN_UNUSED_FUNCTION = YES;
				GCC_WARN_UNUSED_VARIABLE = YES;
				IPHONEOS_DEPLOYMENT_TARGET = 10.3;
				MTL_ENABLE_DEBUG_INFO = YES;
				ONLY_ACTIVE_ARCH = YES;
				SDKROOT = iphoneos;
				SWIFT_ACTIVE_COMPILATION_CONDITIONS = DEBUG;
				SWIFT_OPTIMIZATION_LEVEL = "-Onone";
				TARGETED_DEVICE_FAMILY = "1,2";
			};
			name = Debug;
		};
		F848FBE41F2F859000F914BE /* Release */ = {
			isa = XCBuildConfiguration;
			buildSettings = {
				ALWAYS_SEARCH_USER_PATHS = NO;
				CLANG_ANALYZER_NONNULL = YES;
				CLANG_ANALYZER_NUMBER_OBJECT_CONVERSION = YES_AGGRESSIVE;
				CLANG_CXX_LANGUAGE_STANDARD = "gnu++0x";
				CLANG_CXX_LIBRARY = "libc++";
				CLANG_ENABLE_MODULES = YES;
				CLANG_ENABLE_OBJC_ARC = YES;
				CLANG_WARN_BOOL_CONVERSION = YES;
				CLANG_WARN_CONSTANT_CONVERSION = YES;
				CLANG_WARN_DIRECT_OBJC_ISA_USAGE = YES_ERROR;
				CLANG_WARN_DOCUMENTATION_COMMENTS = YES;
				CLANG_WARN_EMPTY_BODY = YES;
				CLANG_WARN_ENUM_CONVERSION = YES;
				CLANG_WARN_INFINITE_RECURSION = YES;
				CLANG_WARN_INT_CONVERSION = YES;
				CLANG_WARN_OBJC_ROOT_CLASS = YES_ERROR;
				CLANG_WARN_SUSPICIOUS_MOVE = YES;
				CLANG_WARN_UNREACHABLE_CODE = YES;
				CLANG_WARN__DUPLICATE_METHOD_MATCH = YES;
				"CODE_SIGN_IDENTITY[sdk=iphoneos*]" = "iPhone Developer";
				COPY_PHASE_STRIP = NO;
				DEBUG_INFORMATION_FORMAT = "dwarf-with-dsym";
				ENABLE_NS_ASSERTIONS = NO;
				ENABLE_STRICT_OBJC_MSGSEND = YES;
				GCC_C_LANGUAGE_STANDARD = gnu99;
				GCC_NO_COMMON_BLOCKS = YES;
				GCC_WARN_64_TO_32_BIT_CONVERSION = YES;
				GCC_WARN_ABOUT_RETURN_TYPE = YES_ERROR;
				GCC_WARN_UNDECLARED_SELECTOR = YES;
				GCC_WARN_UNINITIALIZED_AUTOS = YES_AGGRESSIVE;
				GCC_WARN_UNUSED_FUNCTION = YES;
				GCC_WARN_UNUSED_VARIABLE = YES;
				IPHONEOS_DEPLOYMENT_TARGET = 10.3;
				MTL_ENABLE_DEBUG_INFO = NO;
				SDKROOT = iphoneos;
				SWIFT_OPTIMIZATION_LEVEL = "-Owholemodule";
				TARGETED_DEVICE_FAMILY = "1,2";
				VALIDATE_PRODUCT = YES;
			};
			name = Release;
		};
		F848FBE61F2F859000F914BE /* Debug */ = {
			isa = XCBuildConfiguration;
			buildSettings = {
				ASSETCATALOG_COMPILER_APPICON_NAME = AppIcon;
				DEVELOPMENT_TEAM = 5MPC35WK7F;
				INFOPLIST_FILE = MisRecetas/Info.plist;
				LD_RUNPATH_SEARCH_PATHS = "$(inherited) @executable_path/Frameworks";
				PRODUCT_BUNDLE_IDENTIFIER = com.blacksparrowgames.MisRecetas;
				PRODUCT_NAME = "$(TARGET_NAME)";
				SWIFT_VERSION = 3.0;
			};
			name = Debug;
		};
		F848FBE71F2F859000F914BE /* Release */ = {
			isa = XCBuildConfiguration;
			buildSettings = {
				ASSETCATALOG_COMPILER_APPICON_NAME = AppIcon;
				DEVELOPMENT_TEAM = 5MPC35WK7F;
				INFOPLIST_FILE = MisRecetas/Info.plist;
				LD_RUNPATH_SEARCH_PATHS = "$(inherited) @executable_path/Frameworks";
				PRODUCT_BUNDLE_IDENTIFIER = com.blacksparrowgames.MisRecetas;
				PRODUCT_NAME = "$(TARGET_NAME)";
				SWIFT_VERSION = 3.0;
			};
			name = Release;
		};
/* End XCBuildConfiguration section */

/* Begin XCConfigurationList section */
		F848FBCE1F2F859000F914BE /* Build configuration list for PBXProject "MisRecetas" */ = {
			isa = XCConfigurationList;
			buildConfigurations = (
				F848FBE31F2F859000F914BE /* Debug */,
				F848FBE41F2F859000F914BE /* Release */,
			);
			defaultConfigurationIsVisible = 0;
			defaultConfigurationName = Release;
		};
		F848FBE51F2F859000F914BE /* Build configuration list for PBXNativeTarget "MisRecetas" */ = {
			isa = XCConfigurationList;
			buildConfigurations = (
				F848FBE61F2F859000F914BE /* Debug */,
				F848FBE71F2F859000F914BE /* Release */,
			);
			defaultConfigurationIsVisible = 0;
			defaultConfigurationName = Release;
		};
/* End XCConfigurationList section */
	};
	rootObject = F848FBCB1F2F859000F914BE /* Project object */;
}
